// !$*UTF8*$!
{
	archiveVersion = 1;
	classes = {
	};
	objectVersion = 51;
	objects = {

/* Begin PBXBuildFile section */
		5B17CBF825AE1089009259BC /* AppDelegate.swift in Sources */ = {isa = PBXBuildFile; fileRef = 5B17CBF725AE1089009259BC /* AppDelegate.swift */; };
		5B17CBFC25AE1089009259BC /* ViewController.swift in Sources */ = {isa = PBXBuildFile; fileRef = 5B17CBFB25AE1089009259BC /* ViewController.swift */; };
		5B17CBFF25AE1089009259BC /* Main.storyboard in Resources */ = {isa = PBXBuildFile; fileRef = 5B17CBFD25AE1089009259BC /* Main.storyboard */; };
		5B17CC0125AE108A009259BC /* Assets.xcassets in Resources */ = {isa = PBXBuildFile; fileRef = 5B17CC0025AE108A009259BC /* Assets.xcassets */; };
		5B17CC0425AE108A009259BC /* LaunchScreen.storyboard in Resources */ = {isa = PBXBuildFile; fileRef = 5B17CC0225AE108A009259BC /* LaunchScreen.storyboard */; };
		5B17CC1025AE15F2009259BC /* PhotosCollectionViewController.swift in Sources */ = {isa = PBXBuildFile; fileRef = 5B17CC0F25AE15F2009259BC /* PhotosCollectionViewController.swift */; };
		5BEC436425AED53200D66C22 /* PhotoCollectionViewCell.swift in Sources */ = {isa = PBXBuildFile; fileRef = 5BEC436325AED53200D66C22 /* PhotoCollectionViewCell.swift */; };
		5BEC438825AEEAB600D66C22 /* SceneDelegate.swift in Sources */ = {isa = PBXBuildFile; fileRef = 5BEC438725AEEAB600D66C22 /* SceneDelegate.swift */; };
		C4E7DB3D27491D82069318F2 /* Pods_RxPhotoFilters.framework in Frameworks */ = {isa = PBXBuildFile; fileRef = 88C3BFB75706BFD7D8A305E1 /* Pods_RxPhotoFilters.framework */; };
/* End PBXBuildFile section */

/* Begin PBXFileReference section */
		5B17CBF425AE1089009259BC /* RxPhotoFilters.app */ = {isa = PBXFileReference; explicitFileType = wrapper.application; includeInIndex = 0; path = RxPhotoFilters.app; sourceTree = BUILT_PRODUCTS_DIR; };
		5B17CBF725AE1089009259BC /* AppDelegate.swift */ = {isa = PBXFileReference; lastKnownFileType = sourcecode.swift; path = AppDelegate.swift; sourceTree = "<group>"; };
		5B17CBFB25AE1089009259BC /* ViewController.swift */ = {isa = PBXFileReference; lastKnownFileType = sourcecode.swift; path = ViewController.swift; sourceTree = "<group>"; };
		5B17CBFE25AE1089009259BC /* Base */ = {isa = PBXFileReference; lastKnownFileType = file.storyboard; name = Base; path = Base.lproj/Main.storyboard; sourceTree = "<group>"; };
		5B17CC0025AE108A009259BC /* Assets.xcassets */ = {isa = PBXFileReference; lastKnownFileType = folder.assetcatalog; path = Assets.xcassets; sourceTree = "<group>"; };
		5B17CC0325AE108A009259BC /* Base */ = {isa = PBXFileReference; lastKnownFileType = file.storyboard; name = Base; path = Base.lproj/LaunchScreen.storyboard; sourceTree = "<group>"; };
		5B17CC0525AE108A009259BC /* Info.plist */ = {isa = PBXFileReference; lastKnownFileType = text.plist.xml; path = Info.plist; sourceTree = "<group>"; };
		5B17CC0F25AE15F2009259BC /* PhotosCollectionViewController.swift */ = {isa = PBXFileReference; lastKnownFileType = sourcecode.swift; path = PhotosCollectionViewController.swift; sourceTree = "<group>"; };
		5BEC436325AED53200D66C22 /* PhotoCollectionViewCell.swift */ = {isa = PBXFileReference; lastKnownFileType = sourcecode.swift; path = PhotoCollectionViewCell.swift; sourceTree = "<group>"; };
		5BEC438725AEEAB600D66C22 /* SceneDelegate.swift */ = {isa = PBXFileReference; fileEncoding = 4; lastKnownFileType = sourcecode.swift; name = SceneDelegate.swift; path = ../../test14.3Scene/test14.3Scene/SceneDelegate.swift; sourceTree = "<group>"; };
		88C3BFB75706BFD7D8A305E1 /* Pods_RxPhotoFilters.framework */ = {isa = PBXFileReference; explicitFileType = wrapper.framework; includeInIndex = 0; path = Pods_RxPhotoFilters.framework; sourceTree = BUILT_PRODUCTS_DIR; };
		A9C42B5176C9A5271D758358 /* Pods-RxPhotoFilters.release.xcconfig */ = {isa = PBXFileReference; includeInIndex = 1; lastKnownFileType = text.xcconfig; name = "Pods-RxPhotoFilters.release.xcconfig"; path = "Target Support Files/Pods-RxPhotoFilters/Pods-RxPhotoFilters.release.xcconfig"; sourceTree = "<group>"; };
		BE8315300C8F998A27E290EB /* Pods-RxPhotoFilters.debug.xcconfig */ = {isa = PBXFileReference; includeInIndex = 1; lastKnownFileType = text.xcconfig; name = "Pods-RxPhotoFilters.debug.xcconfig"; path = "Target Support Files/Pods-RxPhotoFilters/Pods-RxPhotoFilters.debug.xcconfig"; sourceTree = "<group>"; };
/* End PBXFileReference section */

/* Begin PBXFrameworksBuildPhase section */
		5B17CBF125AE1089009259BC /* Frameworks */ = {
			isa = PBXFrameworksBuildPhase;
			buildActionMask = 2147483647;
			files = (
				C4E7DB3D27491D82069318F2 /* Pods_RxPhotoFilters.framework in Frameworks */,
			);
			runOnlyForDeploymentPostprocessing = 0;
		};
/* End PBXFrameworksBuildPhase section */

/* Begin PBXGroup section */
		257331D480E8952F5535D711 /* Pods */ = {
			isa = PBXGroup;
			children = (
				BE8315300C8F998A27E290EB /* Pods-RxPhotoFilters.debug.xcconfig */,
				A9C42B5176C9A5271D758358 /* Pods-RxPhotoFilters.release.xcconfig */,
			);
			path = Pods;
			sourceTree = "<group>";
		};
		5B17CBEB25AE1089009259BC = {
			isa = PBXGroup;
			children = (
				5B17CBF625AE1089009259BC /* RxPhotoFilters */,
				5B17CBF525AE1089009259BC /* Products */,
				257331D480E8952F5535D711 /* Pods */,
				B48E8AA11C6A385201F3DEC9 /* Frameworks */,
			);
			sourceTree = "<group>";
		};
		5B17CBF525AE1089009259BC /* Products */ = {
			isa = PBXGroup;
			children = (
				5B17CBF425AE1089009259BC /* RxPhotoFilters.app */,
			);
			name = Products;
			sourceTree = "<group>";
		};
		5B17CBF625AE1089009259BC /* RxPhotoFilters */ = {
			isa = PBXGroup;
			children = (
				5B17CBF725AE1089009259BC /* AppDelegate.swift */,
				5BEC438725AEEAB600D66C22 /* SceneDelegate.swift */,
				5B17CBFB25AE1089009259BC /* ViewController.swift */,
				5B17CBFD25AE1089009259BC /* Main.storyboard */,
				5BEC436325AED53200D66C22 /* PhotoCollectionViewCell.swift */,
				5B17CC0F25AE15F2009259BC /* PhotosCollectionViewController.swift */,
				5B17CC0025AE108A009259BC /* Assets.xcassets */,
				5B17CC0225AE108A009259BC /* LaunchScreen.storyboard */,
				5B17CC0525AE108A009259BC /* Info.plist */,
			);
			path = RxPhotoFilters;
			sourceTree = "<group>";
		};
		B48E8AA11C6A385201F3DEC9 /* Frameworks */ = {
			isa = PBXGroup;
			children = (
				88C3BFB75706BFD7D8A305E1 /* Pods_RxPhotoFilters.framework */,
			);
			name = Frameworks;
			sourceTree = "<group>";
		};
/* End PBXGroup section */

/* Begin PBXNativeTarget section */
		5B17CBF325AE1089009259BC /* RxPhotoFilters */ = {
			isa = PBXNativeTarget;
			buildConfigurationList = 5B17CC0825AE108A009259BC /* Build configuration list for PBXNativeTarget "RxPhotoFilters" */;
			buildPhases = (
				9A3391E9000500FE8F8C647C /* [CP] Check Pods Manifest.lock */,
				5B17CBF025AE1089009259BC /* Sources */,
				5B17CBF125AE1089009259BC /* Frameworks */,
				5B17CBF225AE1089009259BC /* Resources */,
				F0E5B79CEE0F1D7F65712CDD /* [CP] Embed Pods Frameworks */,
			);
			buildRules = (
			);
			dependencies = (
			);
			name = RxPhotoFilters;
			productName = RxPhotoFilters;
			productReference = 5B17CBF425AE1089009259BC /* RxPhotoFilters.app */;
			productType = "com.apple.product-type.application";
		};
/* End PBXNativeTarget section */

/* Begin PBXProject section */
		5B17CBEC25AE1089009259BC /* Project object */ = {
			isa = PBXProject;
			attributes = {
				LastSwiftUpdateCheck = 1230;
				LastUpgradeCheck = 1230;
				TargetAttributes = {
					5B17CBF325AE1089009259BC = {
						CreatedOnToolsVersion = 12.3;
					};
				};
			};
			buildConfigurationList = 5B17CBEF25AE1089009259BC /* Build configuration list for PBXProject "RxPhotoFilters" */;
			compatibilityVersion = "Xcode 9.3";
			developmentRegion = en;
			hasScannedForEncodings = 0;
			knownRegions = (
				en,
				Base,
			);
			mainGroup = 5B17CBEB25AE1089009259BC;
			productRefGroup = 5B17CBF525AE1089009259BC /* Products */;
			projectDirPath = "";
			projectRoot = "";
			targets = (
				5B17CBF325AE1089009259BC /* RxPhotoFilters */,
			);
		};
/* End PBXProject section */

/* Begin PBXResourcesBuildPhase section */
		5B17CBF225AE1089009259BC /* Resources */ = {
			isa = PBXResourcesBuildPhase;
			buildActionMask = 2147483647;
			files = (
				5B17CC0425AE108A009259BC /* LaunchScreen.storyboard in Resources */,
				5B17CC0125AE108A009259BC /* Assets.xcassets in Resources */,
				5B17CBFF25AE1089009259BC /* Main.storyboard in Resources */,
			);
			runOnlyForDeploymentPostprocessing = 0;
		};
/* End PBXResourcesBuildPhase section */

/* Begin PBXShellScriptBuildPhase section */
		9A3391E9000500FE8F8C647C /* [CP] Check Pods Manifest.lock */ = {
			isa = PBXShellScriptBuildPhase;
			buildActionMask = 2147483647;
			files = (
			);
			inputFileListPaths = (
			);
			inputPaths = (
				"${PODS_PODFILE_DIR_PATH}/Podfile.lock",
				"${PODS_ROOT}/Manifest.lock",
			);
			name = "[CP] Check Pods Manifest.lock";
			outputFileListPaths = (
			);
			outputPaths = (
				"$(DERIVED_FILE_DIR)/Pods-RxPhotoFilters-checkManifestLockResult.txt",
			);
			runOnlyForDeploymentPostprocessing = 0;
			shellPath = /bin/sh;
			shellScript = "diff \"${PODS_PODFILE_DIR_PATH}/Podfile.lock\" \"${PODS_ROOT}/Manifest.lock\" > /dev/null\nif [ $? != 0 ] ; then\n    # print error to STDERR\n    echo \"error: The sandbox is not in sync with the Podfile.lock. Run 'pod install' or update your CocoaPods installation.\" >&2\n    exit 1\nfi\n# This output is used by Xcode 'outputs' to avoid re-running this script phase.\necho \"SUCCESS\" > \"${SCRIPT_OUTPUT_FILE_0}\"\n";
			showEnvVarsInLog = 0;
		};
		F0E5B79CEE0F1D7F65712CDD /* [CP] Embed Pods Frameworks */ = {
			isa = PBXShellScriptBuildPhase;
			buildActionMask = 2147483647;
			files = (
			);
			inputFileListPaths = (
				"${PODS_ROOT}/Target Support Files/Pods-RxPhotoFilters/Pods-RxPhotoFilters-frameworks-${CONFIGURATION}-input-files.xcfilelist",
			);
			name = "[CP] Embed Pods Frameworks";
			outputFileListPaths = (
				"${PODS_ROOT}/Target Support Files/Pods-RxPhotoFilters/Pods-RxPhotoFilters-frameworks-${CONFIGURATION}-output-files.xcfilelist",
			);
			runOnlyForDeploymentPostprocessing = 0;
			shellPath = /bin/sh;
			shellScript = "\"${PODS_ROOT}/Target Support Files/Pods-RxPhotoFilters/Pods-RxPhotoFilters-frameworks.sh\"\n";
			showEnvVarsInLog = 0;
		};
/* End PBXShellScriptBuildPhase section */

/* Begin PBXSourcesBuildPhase section */
		5B17CBF025AE1089009259BC /* Sources */ = {
			isa = PBXSourcesBuildPhase;
			buildActionMask = 2147483647;
			files = (
				5BEC438825AEEAB600D66C22 /* SceneDelegate.swift in Sources */,
				5B17CC1025AE15F2009259BC /* PhotosCollectionViewController.swift in Sources */,
				5BEC436425AED53200D66C22 /* PhotoCollectionViewCell.swift in Sources */,
				5B17CBFC25AE1089009259BC /* ViewController.swift in Sources */,
				5B17CBF825AE1089009259BC /* AppDelegate.swift in Sources */,
			);
			runOnlyForDeploymentPostprocessing = 0;
		};
/* End PBXSourcesBuildPhase section */

/* Begin PBXVariantGroup section */
		5B17CBFD25AE1089009259BC /* Main.storyboard */ = {
			isa = PBXVariantGroup;
			children = (
				5B17CBFE25AE1089009259BC /* Base */,
			);
			name = Main.storyboard;
			sourceTree = "<group>";
		};
		5B17CC0225AE108A009259BC /* LaunchScreen.storyboard */ = {
			isa = PBXVariantGroup;
			children = (
				5B17CC0325AE108A009259BC /* Base */,
			);
			name = LaunchScreen.storyboard;
			sourceTree = "<group>";
		};
/* End PBXVariantGroup section */

/* Begin XCBuildConfiguration section */
		5B17CC0625AE108A009259BC /* Debug */ = {
			isa = XCBuildConfiguration;
			buildSettings = {
				ALWAYS_SEARCH_USER_PATHS = NO;
				CLANG_ANALYZER_NONNULL = YES;
				CLANG_ANALYZER_NUMBER_OBJECT_CONVERSION = YES_AGGRESSIVE;
				CLANG_CXX_LANGUAGE_STANDARD = "gnu++14";
				CLANG_CXX_LIBRARY = "libc++";
				CLANG_ENABLE_MODULES = YES;
				CLANG_ENABLE_OBJC_ARC = YES;
				CLANG_ENABLE_OBJC_WEAK = YES;
				CLANG_WARN_BLOCK_CAPTURE_AUTORELEASING = YES;
				CLANG_WARN_BOOL_CONVERSION = YES;
				CLANG_WARN_COMMA = YES;
				CLANG_WARN_CONSTANT_CONVERSION = YES;
				CLANG_WARN_DEPRECATED_OBJC_IMPLEMENTATIONS = YES;
				CLANG_WARN_DIRECT_OBJC_ISA_USAGE = YES_ERROR;
				CLANG_WARN_DOCUMENTATION_COMMENTS = YES;
				CLANG_WARN_EMPTY_BODY = YES;
				CLANG_WARN_ENUM_CONVERSION = YES;
				CLANG_WARN_INFINITE_RECURSION = YES;
				CLANG_WARN_INT_CONVERSION = YES;
				CLANG_WARN_NON_LITERAL_NULL_CONVERSION = YES;
				CLANG_WARN_OBJC_IMPLICIT_RETAIN_SELF = YES;
				CLANG_WARN_OBJC_LITERAL_CONVERSION = YES;
				CLANG_WARN_OBJC_ROOT_CLASS = YES_ERROR;
				CLANG_WARN_QUOTED_INCLUDE_IN_FRAMEWORK_HEADER = YES;
				CLANG_WARN_RANGE_LOOP_ANALYSIS = YES;
				CLANG_WARN_STRICT_PROTOTYPES = YES;
				CLANG_WARN_SUSPICIOUS_MOVE = YES;
				CLANG_WARN_UNGUARDED_AVAILABILITY = YES_AGGRESSIVE;
				CLANG_WARN_UNREACHABLE_CODE = YES;
				CLANG_WARN__DUPLICATE_METHOD_MATCH = YES;
				COPY_PHASE_STRIP = NO;
				DEBUG_INFORMATION_FORMAT = dwarf;
				ENABLE_STRICT_OBJC_MSGSEND = YES;
				ENABLE_TESTABILITY = YES;
				GCC_C_LANGUAGE_STANDARD = gnu11;
				GCC_DYNAMIC_NO_PIC = NO;
				GCC_NO_COMMON_BLOCKS = YES;
				GCC_OPTIMIZATION_LEVEL = 0;
				GCC_PREPROCESSOR_DEFINITIONS = (
					"DEBUG=1",
					"$(inherited)",
				);
				GCC_WARN_64_TO_32_BIT_CONVERSION = YES;
				GCC_WARN_ABOUT_RETURN_TYPE = YES_ERROR;
				GCC_WARN_UNDECLARED_SELECTOR = YES;
				GCC_WARN_UNINITIALIZED_AUTOS = YES_AGGRESSIVE;
				GCC_WARN_UNUSED_FUNCTION = YES;
				GCC_WARN_UNUSED_VARIABLE = YES;
				IPHONEOS_DEPLOYMENT_TARGET = 14.3;
				MTL_ENABLE_DEBUG_INFO = INCLUDE_SOURCE;
				MTL_FAST_MATH = YES;
				ONLY_ACTIVE_ARCH = YES;
				SDKROOT = iphoneos;
				SWIFT_ACTIVE_COMPILATION_CONDITIONS = DEBUG;
				SWIFT_OPTIMIZATION_LEVEL = "-Onone";
			};
			name = Debug;
		};
		5B17CC0725AE108A009259BC /* Release */ = {
			isa = XCBuildConfiguration;
			buildSettings = {
				ALWAYS_SEARCH_USER_PATHS = NO;
				CLANG_ANALYZER_NONNULL = YES;
				CLANG_ANALYZER_NUMBER_OBJECT_CONVERSION = YES_AGGRESSIVE;
				CLANG_CXX_LANGUAGE_STANDARD = "gnu++14";
				CLANG_CXX_LIBRARY = "libc++";
				CLANG_ENABLE_MODULES = YES;
				CLANG_ENABLE_OBJC_ARC = YES;
				CLANG_ENABLE_OBJC_WEAK = YES;
				CLANG_WARN_BLOCK_CAPTURE_AUTORELEASING = YES;
				CLANG_WARN_BOOL_CONVERSION = YES;
				CLANG_WARN_COMMA = YES;
				CLANG_WARN_CONSTANT_CONVERSION = YES;
				CLANG_WARN_DEPRECATED_OBJC_IMPLEMENTATIONS = YES;
				CLANG_WARN_DIRECT_OBJC_ISA_USAGE = YES_ERROR;
				CLANG_WARN_DOCUMENTATION_COMMENTS = YES;
				CLANG_WARN_EMPTY_BODY = YES;
				CLANG_WARN_ENUM_CONVERSION = YES;
				CLANG_WARN_INFINITE_RECURSION = YES;
				CLANG_WARN_INT_CONVERSION = YES;
				CLANG_WARN_NON_LITERAL_NULL_CONVERSION = YES;
				CLANG_WARN_OBJC_IMPLICIT_RETAIN_SELF = YES;
				CLANG_WARN_OBJC_LITERAL_CONVERSION = YES;
				CLANG_WARN_OBJC_ROOT_CLASS = YES_ERROR;
				CLANG_WARN_QUOTED_INCLUDE_IN_FRAMEWORK_HEADER = YES;
				CLANG_WARN_RANGE_LOOP_ANALYSIS = YES;
				CLANG_WARN_STRICT_PROTOTYPES = YES;
				CLANG_WARN_SUSPICIOUS_MOVE = YES;
				CLANG_WARN_UNGUARDED_AVAILABILITY = YES_AGGRESSIVE;
				CLANG_WARN_UNREACHABLE_CODE = YES;
				CLANG_WARN__DUPLICATE_METHOD_MATCH = YES;
				COPY_PHASE_STRIP = NO;
				DEBUG_INFORMATION_FORMAT = "dwarf-with-dsym";
				ENABLE_NS_ASSERTIONS = NO;
				ENABLE_STRICT_OBJC_MSGSEND = YES;
				GCC_C_LANGUAGE_STANDARD = gnu11;
				GCC_NO_COMMON_BLOCKS = YES;
				GCC_WARN_64_TO_32_BIT_CONVERSION = YES;
				GCC_WARN_ABOUT_RETURN_TYPE = YES_ERROR;
				GCC_WARN_UNDECLARED_SELECTOR = YES;
				GCC_WARN_UNINITIALIZED_AUTOS = YES_AGGRESSIVE;
				GCC_WARN_UNUSED_FUNCTION = YES;
				GCC_WARN_UNUSED_VARIABLE = YES;
				IPHONEOS_DEPLOYMENT_TARGET = 14.3;
				MTL_ENABLE_DEBUG_INFO = NO;
				MTL_FAST_MATH = YES;
				SDKROOT = iphoneos;
				SWIFT_COMPILATION_MODE = wholemodule;
				SWIFT_OPTIMIZATION_LEVEL = "-O";
				VALIDATE_PRODUCT = YES;
			};
			name = Release;
		};
		5B17CC0925AE108A009259BC /* Debug */ = {
			isa = XCBuildConfiguration;
			baseConfigurationReference = BE8315300C8F998A27E290EB /* Pods-RxPhotoFilters.debug.xcconfig */;
			buildSettings = {
				ASSETCATALOG_COMPILER_APPICON_NAME = AppIcon;
				ASSETCATALOG_COMPILER_GLOBAL_ACCENT_COLOR_NAME = AccentColor;
				CODE_SIGN_STYLE = Automatic;
				DEVELOPMENT_TEAM = XN6J4W4W4C;
				INFOPLIST_FILE = RxPhotoFilters/Info.plist;
				IPHONEOS_DEPLOYMENT_TARGET = 12.2;
				LD_RUNPATH_SEARCH_PATHS = (
					"$(inherited)",
					"@executable_path/Frameworks",
				);
				PRODUCT_BUNDLE_IDENTIFIER = "Alexander-Milgunov.RxPhotoFilters";
				PRODUCT_NAME = "$(TARGET_NAME)";
				SWIFT_VERSION = 5.0;
				TARGETED_DEVICE_FAMILY = "1,2";
			};
			name = Debug;
		};
		5B17CC0A25AE108A009259BC /* Release */ = {
			isa = XCBuildConfiguration;
			baseConfigurationReference = A9C42B5176C9A5271D758358 /* Pods-RxPhotoFilters.release.xcconfig */;
			buildSettings = {
				ASSETCATALOG_COMPILER_APPICON_NAME = AppIcon;
				ASSETCATALOG_COMPILER_GLOBAL_ACCENT_COLOR_NAME = AccentColor;
				CODE_SIGN_STYLE = Automatic;
				DEVELOPMENT_TEAM = XN6J4W4W4C;
				INFOPLIST_FILE = RxPhotoFilters/Info.plist;
				IPHONEOS_DEPLOYMENT_TARGET = 12.2;
				LD_RUNPATH_SEARCH_PATHS = (
					"$(inherited)",
					"@executable_path/Frameworks",
				);
				PRODUCT_BUNDLE_IDENTIFIER = "Alexander-Milgunov.RxPhotoFilters";
				PRODUCT_NAME = "$(TARGET_NAME)";
				SWIFT_VERSION = 5.0;
				TARGETED_DEVICE_FAMILY = "1,2";
			};
			name = Release;
		};
/* End XCBuildConfiguration section */

/* Begin XCConfigurationList section */
		5B17CBEF25AE1089009259BC /* Build configuration list for PBXProject "RxPhotoFilters" */ = {
			isa = XCConfigurationList;
			buildConfigurations = (
				5B17CC0625AE108A009259BC /* Debug */,
				5B17CC0725AE108A009259BC /* Release */,
			);
			defaultConfigurationIsVisible = 0;
			defaultConfigurationName = Release;
		};
		5B17CC0825AE108A009259BC /* Build configuration list for PBXNativeTarget "RxPhotoFilters" */ = {
			isa = XCConfigurationList;
			buildConfigurations = (
				5B17CC0925AE108A009259BC /* Debug */,
				5B17CC0A25AE108A009259BC /* Release */,
			);
			defaultConfigurationIsVisible = 0;
			defaultConfigurationName = Release;
		};
/* End XCConfigurationList section */
	};
	rootObject = 5B17CBEC25AE1089009259BC /* Project object */;
}
